# This file is automatically @generated by Cargo.
# It is not intended for manual editing.
version = 4

[[package]]
name = "anyhow"
version = "1.0.100"
source = "registry+https://github.com/rust-lang/crates.io-index"
checksum = "a23eb6b1614318a8071c9b2521f36b424b2c83db5eb3a0fead4a6c0809af6e61"

[[package]]
name = "cc"
version = "1.2.40"
source = "registry+https://github.com/rust-lang/crates.io-index"
checksum = "e1d05d92f4b1fd76aad469d46cdd858ca761576082cd37df81416691e50199fb"
dependencies = [
 "find-msvc-tools",
 "shlex",
]

[[package]]
name = "common_io"
version = "0.1.0"

[[package]]
name = "config"
version = "0.1.0"
dependencies = [
 "anyhow",
]

[[package]]
name = "decklink_input"
version = "0.1.0"
dependencies = [
 "anyhow",
 "cc",
 "common_io",
 "config",
 "libc",
 "telemetry",
]

[[package]]
name = "decklink_output"
version = "0.1.0"
dependencies = [
 "anyhow",
 "common_io",
 "config",
 "telemetry",
]

[[package]]
name = "find-msvc-tools"
version = "0.1.3"
source = "registry+https://github.com/rust-lang/crates.io-index"
checksum = "0399f9d26e5191ce32c498bebd31e7a3ceabc2745f0ac54af3f335126c3f24b3"

[[package]]
name = "inference"
version = "0.1.0"
dependencies = [
 "anyhow",
 "common_io",
 "config",
 "telemetry",
]

[[package]]
name = "libc"
version = "0.2.176"
source = "registry+https://github.com/rust-lang/crates.io-index"
checksum = "58f929b4d672ea937a23a1ab494143d968337a5f47e56d0815df1e0890ddf174"

[[package]]
name = "overlay_plan"
version = "0.1.0"
dependencies = [
 "anyhow",
 "common_io",
 "config",
 "telemetry",
]

[[package]]
name = "overlay_render"
version = "0.1.0"
dependencies = [
 "anyhow",
 "common_io",
 "config",
 "telemetry",
]

[[package]]
name = "playgrounds"
version = "0.1.0"
dependencies = [
 "anyhow",
 "common_io",
 "decklink_input",
 "inference",
 "overlay_plan",
 "overlay_render",
 "postprocess",
 "preprocess_cuda",
 "telemetry",
 "testsupport",
]

[[package]]
name = "postprocess"
version = "0.1.0"
dependencies = [
 "anyhow",
 "common_io",
 "config",
 "telemetry",
]

[[package]]
name = "preprocess_cuda"
version = "0.1.0"
dependencies = [
 "anyhow",
 "common_io",
 "config",
 "telemetry",
]

[[package]]
name = "runner"
version = "0.1.0"
dependencies = [
 "anyhow",
 "common_io",
 "config",
 "decklink_input",
 "decklink_output",
 "inference",
 "overlay_plan",
 "overlay_render",
 "postprocess",
 "preprocess_cuda",
 "telemetry",
]

[[package]]
name = "shlex"
version = "1.3.0"
source = "registry+https://github.com/rust-lang/crates.io-index"
checksum = "0fda2ff0d084019ba4d7c6f371c95d8fd75ce3524c3cb8fb653a3023f6323e64"

[[package]]
name = "telemetry"
version = "0.1.0"
dependencies = [
 "common_io",
]

[[package]]
name = "testsupport"
version = "0.1.0"
dependencies = [
 "anyhow",
 "common_io",
]
